
Microsoft Visual Studio Solution File, Format Version 12.00
# Visual Studio 14
VisualStudioVersion = 14.0.24720.0
MinimumVisualStudioVersion = 10.0.40219.1
Project("{FAE04EC0-301F-11D3-BF4B-00C04F79EFBC}") = "OLProgram", "OLProgram\OLProgram.csproj", "{CD9DB86F-0D9B-4BBC-BA4F-6F2D1A815996}"
EndProject
Project("{FAE04EC0-301F-11D3-BF4B-00C04F79EFBC}") = "OLModel", "OLModel\OLModel.csproj", "{5B81D2BA-B856-4402-A7CD-E0D7738AE45A}"
EndProject
Project("{00D1A9C2-B5F0-4AF3-8072-F6C62B433612}") = "Database1", "Database1\Database1.sqlproj", "{28260C02-0B8D-44A1-A284-3789E2F4510A}"
EndProject
Global
	GlobalSection(SolutionConfigurationPlatforms) = preSolution
		Debug|Any CPU = Debug|Any CPU
		Release|Any CPU = Release|Any CPU
	EndGlobalSection
	GlobalSection(ProjectConfigurationPlatforms) = postSolution
		{CD9DB86F-0D9B-4BBC-BA4F-6F2D1A815996}.Debug|Any CPU.ActiveCfg = Debug|Any CPU
		{CD9DB86F-0D9B-4BBC-BA4F-6F2D1A815996}.Debug|Any CPU.Build.0 = Debug|Any CPU
		{CD9DB86F-0D9B-4BBC-BA4F-6F2D1A815996}.Release|Any CPU.ActiveCfg = Release|Any CPU
		{CD9DB86F-0D9B-4BBC-BA4F-6F2D1A815996}.Release|Any CPU.Build.0 = Release|Any CPU
		{5B81D2BA-B856-4402-A7CD-E0D7738AE45A}.Debug|Any CPU.ActiveCfg = Debug|Any CPU
		{5B81D2BA-B856-4402-A7CD-E0D7738AE45A}.Debug|Any CPU.Build.0 = Debug|Any CPU
		{5B81D2BA-B856-4402-A7CD-E0D7738AE45A}.Release|Any CPU.ActiveCfg = Release|Any CPU
		{5B81D2BA-B856-4402-A7CD-E0D7738AE45A}.Release|Any CPU.Build.0 = Release|Any CPU
		{28260C02-0B8D-44A1-A284-3789E2F4510A}.Debug|Any CPU.ActiveCfg = Debug|Any CPU
		{28260C02-0B8D-44A1-A284-3789E2F4510A}.Debug|Any CPU.Build.0 = Debug|Any CPU
		{28260C02-0B8D-44A1-A284-3789E2F4510A}.Debug|Any CPU.Deploy.0 = Debug|Any CPU
		{28260C02-0B8D-44A1-A284-3789E2F4510A}.Release|Any CPU.ActiveCfg = Release|Any CPU
		{28260C02-0B8D-44A1-A284-3789E2F4510A}.Release|Any CPU.Build.0 = Release|Any CPU
		{28260C02-0B8D-44A1-A284-3789E2F4510A}.Release|Any CPU.Deploy.0 = Release|Any CPU
	EndGlobalSection
	GlobalSection(SolutionProperties) = preSolution
		HideSolutionNode = FALSE
	EndGlobalSection
EndGlobal
